// !$*UTF8*$!
{
	archiveVersion = 1;
	classes = {
	};
	objectVersion = 46;
	objects = {

/* Begin PBXBuildFile section */
		EA873C531AE6C68A00995066 /* main.m in Sources */ = {isa = PBXBuildFile; fileRef = EA873C521AE6C68A00995066 /* main.m */; };
		EA873C561AE6C68A00995066 /* AppDelegate.m in Sources */ = {isa = PBXBuildFile; fileRef = EA873C551AE6C68A00995066 /* AppDelegate.m */; };
		EA873C591AE6C68A00995066 /* ViewController.m in Sources */ = {isa = PBXBuildFile; fileRef = EA873C581AE6C68A00995066 /* ViewController.m */; };
		EA873C5C1AE6C68A00995066 /* Main.storyboard in Resources */ = {isa = PBXBuildFile; fileRef = EA873C5A1AE6C68A00995066 /* Main.storyboard */; };
		EA873C5E1AE6C68A00995066 /* Images.xcassets in Resources */ = {isa = PBXBuildFile; fileRef = EA873C5D1AE6C68A00995066 /* Images.xcassets */; };
		EA873C611AE6C68A00995066 /* LaunchScreen.xib in Resources */ = {isa = PBXBuildFile; fileRef = EA873C5F1AE6C68A00995066 /* LaunchScreen.xib */; };
		EA873C6D1AE6C68A00995066 /* Tap_MasterTests.m in Sources */ = {isa = PBXBuildFile; fileRef = EA873C6C1AE6C68A00995066 /* Tap_MasterTests.m */; };
/* End PBXBuildFile section */

/* Begin PBXContainerItemProxy section */
		EA873C671AE6C68A00995066 /* PBXContainerItemProxy */ = {
			isa = PBXContainerItemProxy;
			containerPortal = EA873C451AE6C68A00995066 /* Project object */;
			proxyType = 1;
			remoteGlobalIDString = EA873C4C1AE6C68A00995066;
			remoteInfo = "Tap Master";
		};
/* End PBXContainerItemProxy section */

/* Begin PBXFileReference section */
		EA873C4D1AE6C68A00995066 /* Tap Master.app */ = {isa = PBXFileReference; explicitFileType = wrapper.application; includeInIndex = 0; path = "Tap Master.app"; sourceTree = BUILT_PRODUCTS_DIR; };
		EA873C511AE6C68A00995066 /* Info.plist */ = {isa = PBXFileReference; lastKnownFileType = text.plist.xml; path = Info.plist; sourceTree = "<group>"; };
		EA873C521AE6C68A00995066 /* main.m */ = {isa = PBXFileReference; lastKnownFileType = sourcecode.c.objc; path = main.m; sourceTree = "<group>"; };
		EA873C541AE6C68A00995066 /* AppDelegate.h */ = {isa = PBXFileReference; lastKnownFileType = sourcecode.c.h; path = AppDelegate.h; sourceTree = "<group>"; };
		EA873C551AE6C68A00995066 /* AppDelegate.m */ = {isa = PBXFileReference; lastKnownFileType = sourcecode.c.objc; path = AppDelegate.m; sourceTree = "<group>"; };
		EA873C571AE6C68A00995066 /* ViewController.h */ = {isa = PBXFileReference; lastKnownFileType = sourcecode.c.h; path = ViewController.h; sourceTree = "<group>"; };
		EA873C581AE6C68A00995066 /* ViewController.m */ = {isa = PBXFileReference; lastKnownFileType = sourcecode.c.objc; path = ViewController.m; sourceTree = "<group>"; };
		EA873C5B1AE6C68A00995066 /* Base */ = {isa = PBXFileReference; lastKnownFileType = file.storyboard; name = Base; path = Base.lproj/Main.storyboard; sourceTree = "<group>"; };
		EA873C5D1AE6C68A00995066 /* Images.xcassets */ = {isa = PBXFileReference; lastKnownFileType = folder.assetcatalog; path = Images.xcassets; sourceTree = "<group>"; };
		EA873C601AE6C68A00995066 /* Base */ = {isa = PBXFileReference; lastKnownFileType = file.xib; name = Base; path = Base.lproj/LaunchScreen.xib; sourceTree = "<group>"; };
		EA873C661AE6C68A00995066 /* Tap MasterTests.xctest */ = {isa = PBXFileReference; explicitFileType = wrapper.cfbundle; includeInIndex = 0; path = "Tap MasterTests.xctest"; sourceTree = BUILT_PRODUCTS_DIR; };
		EA873C6B1AE6C68A00995066 /* Info.plist */ = {isa = PBXFileReference; lastKnownFileType = text.plist.xml; path = Info.plist; sourceTree = "<group>"; };
		EA873C6C1AE6C68A00995066 /* Tap_MasterTests.m */ = {isa = PBXFileReference; lastKnownFileType = sourcecode.c.objc; path = Tap_MasterTests.m; sourceTree = "<group>"; };
/* End PBXFileReference section */

/* Begin PBXFrameworksBuildPhase section */
		EA873C4A1AE6C68A00995066 /* Frameworks */ = {
			isa = PBXFrameworksBuildPhase;
			buildActionMask = 2147483647;
			files = (
			);
			runOnlyForDeploymentPostprocessing = 0;
		};
		EA873C631AE6C68A00995066 /* Frameworks */ = {
			isa = PBXFrameworksBuildPhase;
			buildActionMask = 2147483647;
			files = (
			);
			runOnlyForDeploymentPostprocessing = 0;
		};
/* End PBXFrameworksBuildPhase section */

/* Begin PBXGroup section */
		EA873C441AE6C68A00995066 = {
			isa = PBXGroup;
			children = (
				EA873C4F1AE6C68A00995066 /* Tap Master */,
				EA873C691AE6C68A00995066 /* Tap MasterTests */,
				EA873C4E1AE6C68A00995066 /* Products */,
			);
			sourceTree = "<group>";
		};
		EA873C4E1AE6C68A00995066 /* Products */ = {
			isa = PBXGroup;
			children = (
				EA873C4D1AE6C68A00995066 /* Tap Master.app */,
				EA873C661AE6C68A00995066 /* Tap MasterTests.xctest */,
			);
			name = Products;
			sourceTree = "<group>";
		};
		EA873C4F1AE6C68A00995066 /* Tap Master */ = {
			isa = PBXGroup;
			children = (
				EA873C541AE6C68A00995066 /* AppDelegate.h */,
				EA873C551AE6C68A00995066 /* AppDelegate.m */,
				EA873C571AE6C68A00995066 /* ViewController.h */,
				EA873C581AE6C68A00995066 /* ViewController.m */,
				EA873C5A1AE6C68A00995066 /* Main.storyboard */,
				EA873C5D1AE6C68A00995066 /* Images.xcassets */,
				EA873C5F1AE6C68A00995066 /* LaunchScreen.xib */,
				EA873C501AE6C68A00995066 /* Supporting Files */,
			);
			path = "Tap Master";
			sourceTree = "<group>";
		};
		EA873C501AE6C68A00995066 /* Supporting Files */ = {
			isa = PBXGroup;
			children = (
				EA873C511AE6C68A00995066 /* Info.plist */,
				EA873C521AE6C68A00995066 /* main.m */,
			);
			name = "Supporting Files";
			sourceTree = "<group>";
		};
		EA873C691AE6C68A00995066 /* Tap MasterTests */ = {
			isa = PBXGroup;
			children = (
				EA873C6C1AE6C68A00995066 /* Tap_MasterTests.m */,
				EA873C6A1AE6C68A00995066 /* Supporting Files */,
			);
			path = "Tap MasterTests";
			sourceTree = "<group>";
		};
		EA873C6A1AE6C68A00995066 /* Supporting Files */ = {
			isa = PBXGroup;
			children = (
				EA873C6B1AE6C68A00995066 /* Info.plist */,
			);
			name = "Supporting Files";
			sourceTree = "<group>";
		};
/* End PBXGroup section */

/* Begin PBXNativeTarget section */
		EA873C4C1AE6C68A00995066 /* Tap Master */ = {
			isa = PBXNativeTarget;
			buildConfigurationList = EA873C701AE6C68A00995066 /* Build configuration list for PBXNativeTarget "Tap Master" */;
			buildPhases = (
				EA873C491AE6C68A00995066 /* Sources */,
				EA873C4A1AE6C68A00995066 /* Frameworks */,
				EA873C4B1AE6C68A00995066 /* Resources */,
			);
			buildRules = (
			);
			dependencies = (
			);
			name = "Tap Master";
			productName = "Tap Master";
			productReference = EA873C4D1AE6C68A00995066 /* Tap Master.app */;
			productType = "com.apple.product-type.application";
		};
		EA873C651AE6C68A00995066 /* Tap MasterTests */ = {
			isa = PBXNativeTarget;
			buildConfigurationList = EA873C731AE6C68A00995066 /* Build configuration list for PBXNativeTarget "Tap MasterTests" */;
			buildPhases = (
				EA873C621AE6C68A00995066 /* Sources */,
				EA873C631AE6C68A00995066 /* Frameworks */,
				EA873C641AE6C68A00995066 /* Resources */,
			);
			buildRules = (
			);
			dependencies = (
				EA873C681AE6C68A00995066 /* PBXTargetDependency */,
			);
			name = "Tap MasterTests";
			productName = "Tap MasterTests";
			productReference = EA873C661AE6C68A00995066 /* Tap MasterTests.xctest */;
			productType = "com.apple.product-type.bundle.unit-test";
		};
/* End PBXNativeTarget section */

/* Begin PBXProject section */
		EA873C451AE6C68A00995066 /* Project object */ = {
			isa = PBXProject;
			attributes = {
				LastUpgradeCheck = 0630;
				ORGANIZATIONNAME = "Marek Helak";
				TargetAttributes = {
					EA873C4C1AE6C68A00995066 = {
						CreatedOnToolsVersion = 6.3;
					};
					EA873C651AE6C68A00995066 = {
						CreatedOnToolsVersion = 6.3;
						TestTargetID = EA873C4C1AE6C68A00995066;
					};
				};
			};
			buildConfigurationList = EA873C481AE6C68A00995066 /* Build configuration list for PBXProject "Tap Master" */;
			compatibilityVersion = "Xcode 3.2";
			developmentRegion = English;
			hasScannedForEncodings = 0;
			knownRegions = (
				en,
				Base,
			);
			mainGroup = EA873C441AE6C68A00995066;
			productRefGroup = EA873C4E1AE6C68A00995066 /* Products */;
			projectDirPath = "";
			projectRoot = "";
			targets = (
				EA873C4C1AE6C68A00995066 /* Tap Master */,
				EA873C651AE6C68A00995066 /* Tap MasterTests */,
			);
		};
/* End PBXProject section */

/* Begin PBXResourcesBuildPhase section */
		EA873C4B1AE6C68A00995066 /* Resources */ = {
			isa = PBXResourcesBuildPhase;
			buildActionMask = 2147483647;
			files = (
				EA873C5C1AE6C68A00995066 /* Main.storyboard in Resources */,
				EA873C611AE6C68A00995066 /* LaunchScreen.xib in Resources */,
				EA873C5E1AE6C68A00995066 /* Images.xcassets in Resources */,
			);
			runOnlyForDeploymentPostprocessing = 0;
		};
		EA873C641AE6C68A00995066 /* Resources */ = {
			isa = PBXResourcesBuildPhase;
			buildActionMask = 2147483647;
			files = (
			);
			runOnlyForDeploymentPostprocessing = 0;
		};
/* End PBXResourcesBuildPhase section */

/* Begin PBXSourcesBuildPhase section */
		EA873C491AE6C68A00995066 /* Sources */ = {
			isa = PBXSourcesBuildPhase;
			buildActionMask = 2147483647;
			files = (
				EA873C591AE6C68A00995066 /* ViewController.m in Sources */,
				EA873C561AE6C68A00995066 /* AppDelegate.m in Sources */,
				EA873C531AE6C68A00995066 /* main.m in Sources */,
			);
			runOnlyForDeploymentPostprocessing = 0;
		};
		EA873C621AE6C68A00995066 /* Sources */ = {
			isa = PBXSourcesBuildPhase;
			buildActionMask = 2147483647;
			files = (
				EA873C6D1AE6C68A00995066 /* Tap_MasterTests.m in Sources */,
			);
			runOnlyForDeploymentPostprocessing = 0;
		};
/* End PBXSourcesBuildPhase section */

/* Begin PBXTargetDependency section */
		EA873C681AE6C68A00995066 /* PBXTargetDependency */ = {
			isa = PBXTargetDependency;
			target = EA873C4C1AE6C68A00995066 /* Tap Master */;
			targetProxy = EA873C671AE6C68A00995066 /* PBXContainerItemProxy */;
		};
/* End PBXTargetDependency section */

/* Begin PBXVariantGroup section */
		EA873C5A1AE6C68A00995066 /* Main.storyboard */ = {
			isa = PBXVariantGroup;
			children = (
				EA873C5B1AE6C68A00995066 /* Base */,
			);
			name = Main.storyboard;
			sourceTree = "<group>";
		};
		EA873C5F1AE6C68A00995066 /* LaunchScreen.xib */ = {
			isa = PBXVariantGroup;
			children = (
				EA873C601AE6C68A00995066 /* Base */,
			);
			name = LaunchScreen.xib;
			sourceTree = "<group>";
		};
/* End PBXVariantGroup section */

/* Begin XCBuildConfiguration section */
		EA873C6E1AE6C68A00995066 /* Debug */ = {
			isa = XCBuildConfiguration;
			buildSettings = {
				ALWAYS_SEARCH_USER_PATHS = NO;
				CLANG_CXX_LANGUAGE_STANDARD = "gnu++0x";
				CLANG_CXX_LIBRARY = "libc++";
				CLANG_ENABLE_MODULES = YES;
				CLANG_ENABLE_OBJC_ARC = YES;
				CLANG_WARN_BOOL_CONVERSION = YES;
				CLANG_WARN_CONSTANT_CONVERSION = YES;
				CLANG_WARN_DIRECT_OBJC_ISA_USAGE = YES_ERROR;
				CLANG_WARN_EMPTY_BODY = YES;
				CLANG_WARN_ENUM_CONVERSION = YES;
				CLANG_WARN_INT_CONVERSION = YES;
				CLANG_WARN_OBJC_ROOT_CLASS = YES_ERROR;
				CLANG_WARN_UNREACHABLE_CODE = YES;
				CLANG_WARN__DUPLICATE_METHOD_MATCH = YES;
				"CODE_SIGN_IDENTITY[sdk=iphoneos*]" = "iPhone Developer";
				COPY_PHASE_STRIP = NO;
				DEBUG_INFORMATION_FORMAT = "dwarf-with-dsym";
				ENABLE_STRICT_OBJC_MSGSEND = YES;
				GCC_C_LANGUAGE_STANDARD = gnu99;
				GCC_DYNAMIC_NO_PIC = NO;
				GCC_NO_COMMON_BLOCKS = YES;
				GCC_OPTIMIZATION_LEVEL = 0;
				GCC_PREPROCESSOR_DEFINITIONS = (
					"DEBUG=1",
					"$(inherited)",
				);
				GCC_SYMBOLS_PRIVATE_EXTERN = NO;
				GCC_WARN_64_TO_32_BIT_CONVERSION = YES;
				GCC_WARN_ABOUT_RETURN_TYPE = YES_ERROR;
				GCC_WARN_UNDECLARED_SELECTOR = YES;
				GCC_WARN_UNINITIALIZED_AUTOS = YES_AGGRESSIVE;
				GCC_WARN_UNUSED_FUNCTION = YES;
				GCC_WARN_UNUSED_VARIABLE = YES;
				IPHONEOS_DEPLOYMENT_TARGET = 8.3;
				MTL_ENABLE_DEBUG_INFO = YES;
				ONLY_ACTIVE_ARCH = YES;
				SDKROOT = iphoneos;
				TARGETED_DEVICE_FAMILY = "1,2";
			};
			name = Debug;
		};
		EA873C6F1AE6C68A00995066 /* Release */ = {
			isa = XCBuildConfiguration;
			buildSettings = {
				ALWAYS_SEARCH_USER_PATHS = NO;
				CLANG_CXX_LANGUAGE_STANDARD = "gnu++0x";
				CLANG_CXX_LIBRARY = "libc++";
				CLANG_ENABLE_MODULES = YES;
				CLANG_ENABLE_OBJC_ARC = YES;
				CLANG_WARN_BOOL_CONVERSION = YES;
				CLANG_WARN_CONSTANT_CONVERSION = YES;
				CLANG_WARN_DIRECT_OBJC_ISA_USAGE = YES_ERROR;
				CLANG_WARN_EMPTY_BODY = YES;
				CLANG_WARN_ENUM_CONVERSION = YES;
				CLANG_WARN_INT_CONVERSION = YES;
				CLANG_WARN_OBJC_ROOT_CLASS = YES_ERROR;
				CLANG_WARN_UNREACHABLE_CODE = YES;
				CLANG_WARN__DUPLICATE_METHOD_MATCH = YES;
				"CODE_SIGN_IDENTITY[sdk=iphoneos*]" = "iPhone Developer";
				COPY_PHASE_STRIP = NO;
				DEBUG_INFORMATION_FORMAT = "dwarf-with-dsym";
				ENABLE_NS_ASSERTIONS = NO;
				ENABLE_STRICT_OBJC_MSGSEND = YES;
				GCC_C_LANGUAGE_STANDARD = gnu99;
				GCC_NO_COMMON_BLOCKS = YES;
				GCC_WARN_64_TO_32_BIT_CONVERSION = YES;
				GCC_WARN_ABOUT_RETURN_TYPE = YES_ERROR;
				GCC_WARN_UNDECLARED_SELECTOR = YES;
				GCC_WARN_UNINITIALIZED_AUTOS = YES_AGGRESSIVE;
				GCC_WARN_UNUSED_FUNCTION = YES;
				GCC_WARN_UNUSED_VARIABLE = YES;
				IPHONEOS_DEPLOYMENT_TARGET = 8.3;
				MTL_ENABLE_DEBUG_INFO = NO;
				SDKROOT = iphoneos;
				TARGETED_DEVICE_FAMILY = "1,2";
				VALIDATE_PRODUCT = YES;
			};
			name = Release;
		};
		EA873C711AE6C68A00995066 /* Debug */ = {
			isa = XCBuildConfiguration;
			buildSettings = {
				ASSETCATALOG_COMPILER_APPICON_NAME = AppIcon;
				INFOPLIST_FILE = "Tap Master/Info.plist";
				LD_RUNPATH_SEARCH_PATHS = "$(inherited) @executable_path/Frameworks";
				PRODUCT_NAME = "$(TARGET_NAME)";
			};
			name = Debug;
		};
		EA873C721AE6C68A00995066 /* Release */ = {
			isa = XCBuildConfiguration;
			buildSettings = {
				ASSETCATALOG_COMPILER_APPICON_NAME = AppIcon;
				INFOPLIST_FILE = "Tap Master/Info.plist";
				LD_RUNPATH_SEARCH_PATHS = "$(inherited) @executable_path/Frameworks";
				PRODUCT_NAME = "$(TARGET_NAME)";
			};
			name = Release;
		};
		EA873C741AE6C68A00995066 /* Debug */ = {
			isa = XCBuildConfiguration;
			buildSettings = {
				BUNDLE_LOADER = "$(TEST_HOST)";
				FRAMEWORK_SEARCH_PATHS = (
					"$(SDKROOT)/Developer/Library/Frameworks",
					"$(inherited)",
				);
				GCC_PREPROCESSOR_DEFINITIONS = (
					"DEBUG=1",
					"$(inherited)",
				);
				INFOPLIST_FILE = "Tap MasterTests/Info.plist";
				LD_RUNPATH_SEARCH_PATHS = "$(inherited) @executable_path/Frameworks @loader_path/Frameworks";
				PRODUCT_NAME = "$(TARGET_NAME)";
				TEST_HOST = "$(BUILT_PRODUCTS_DIR)/Tap Master.app/Tap Master";
			};
			name = Debug;
		};
		EA873C751AE6C68A00995066 /* Release */ = {
			isa = XCBuildConfiguration;
			buildSettings = {
				BUNDLE_LOADER = "$(TEST_HOST)";
				FRAMEWORK_SEARCH_PATHS = (
					"$(SDKROOT)/Developer/Library/Frameworks",
					"$(inherited)",
				);
				INFOPLIST_FILE = "Tap MasterTests/Info.plist";
				LD_RUNPATH_SEARCH_PATHS = "$(inherited) @executable_path/Frameworks @loader_path/Frameworks";
				PRODUCT_NAME = "$(TARGET_NAME)";
				TEST_HOST = "$(BUILT_PRODUCTS_DIR)/Tap Master.app/Tap Master";
			};
			name = Release;
		};
/* End XCBuildConfiguration section */

/* Begin XCConfigurationList section */
		EA873C481AE6C68A00995066 /* Build configuration list for PBXProject "Tap Master" */ = {
			isa = XCConfigurationList;
			buildConfigurations = (
				EA873C6E1AE6C68A00995066 /* Debug */,
				EA873C6F1AE6C68A00995066 /* Release */,
			);
			defaultConfigurationIsVisible = 0;
			defaultConfigurationName = Release;
		};
		EA873C701AE6C68A00995066 /* Build configuration list for PBXNativeTarget "Tap Master" */ = {
			isa = XCConfigurationList;
			buildConfigurations = (
				EA873C711AE6C68A00995066 /* Debug */,
				EA873C721AE6C68A00995066 /* Release */,
			);
			defaultConfigurationIsVisible = 0;
		};
		EA873C731AE6C68A00995066 /* Build configuration list for PBXNativeTarget "Tap MasterTests" */ = {
			isa = XCConfigurationList;
			buildConfigurations = (
				EA873C741AE6C68A00995066 /* Debug */,
				EA873C751AE6C68A00995066 /* Release */,
			);
			defaultConfigurationIsVisible = 0;
		};
/* End XCConfigurationList section */
	};
	rootObject = EA873C451AE6C68A00995066 /* Project object */;
}
